
Microsoft Visual Studio Solution File, Format Version 12.00
# Visual Studio 15
VisualStudioVersion = 15.0.28307.1022
MinimumVisualStudioVersion = 10.0.40219.1
Project("{9A19103F-16F7-4668-BE54-9A1E7A4F7556}") = "ProjectService", "ProjectService\ProjectService.csproj", "{2622B205-72AE-4194-994B-6FDEF64DB831}"
EndProject
Project("{FAE04EC0-301F-11D3-BF4B-00C04F79EFBC}") = "EmailService", "EmailService\EmailService.csproj", "{2C1FB4DC-C783-459E-8644-32BD6F088800}"
EndProject
Global
	GlobalSection(SolutionConfigurationPlatforms) = preSolution
		Debug|Any CPU = Debug|Any CPU
		Release|Any CPU = Release|Any CPU
	EndGlobalSection
	GlobalSection(ProjectConfigurationPlatforms) = postSolution
		{2622B205-72AE-4194-994B-6FDEF64DB831}.Debug|Any CPU.ActiveCfg = Debug|Any CPU
		{2622B205-72AE-4194-994B-6FDEF64DB831}.Debug|Any CPU.Build.0 = Debug|Any CPU
		{2622B205-72AE-4194-994B-6FDEF64DB831}.Release|Any CPU.ActiveCfg = Release|Any CPU
		{2622B205-72AE-4194-994B-6FDEF64DB831}.Release|Any CPU.Build.0 = Release|Any CPU
		{2C1FB4DC-C783-459E-8644-32BD6F088800}.Debug|Any CPU.ActiveCfg = Debug|Any CPU
		{2C1FB4DC-C783-459E-8644-32BD6F088800}.Debug|Any CPU.Build.0 = Debug|Any CPU
		{2C1FB4DC-C783-459E-8644-32BD6F088800}.Release|Any CPU.ActiveCfg = Release|Any CPU
		{2C1FB4DC-C783-459E-8644-32BD6F088800}.Release|Any CPU.Build.0 = Release|Any CPU
	EndGlobalSection
	GlobalSection(SolutionProperties) = preSolution
		HideSolutionNode = FALSE
	EndGlobalSection
	GlobalSection(ExtensibilityGlobals) = postSolution
		SolutionGuid = {B626398E-7443-4973-AC3D-FC4BAF2411BE}
	EndGlobalSection
EndGlobal
